<?xml version="1.0" encoding="utf-8"?>
<Project ToolsVersion="4.0" xmlns="http://schemas.microsoft.com/developer/msbuild/2003">
  <ItemGroup>
    <Filter Include="Quelldateien">
      <UniqueIdentifier>{4FC737F1-C7A5-4376-A066-2A32D752A2FF}</UniqueIdentifier>
      <Extensions>cpp;c;cc;cxx;c++;cppm;ixx;def;odl;idl;hpj;bat;asm;asmx</Extensions>
    </Filter>
    <Filter Include="Headerdateien">
      <UniqueIdentifier>{93995380-89BD-4b04-88EB-625FBE52EBFB}</UniqueIdentifier>
      <Extensions>h;hh;hpp;hxx;h++;hm;inl;inc;ipp;xsd</Extensions>
    </Filter>
    <Filter Include="Ressourcendateien">
      <UniqueIdentifier>{67DA6AB6-F800-4c08-8B7A-83BB121AAD01}</UniqueIdentifier>
      <Extensions>rc;ico;cur;bmp;dlg;rc2;rct;bin;rgs;gif;jpg;jpeg;jpe;resx;tiff;tif;png;wav;mfcribbon-ms</Extensions>
    </Filter>
    <Filter Include="Gebaeude">
      <UniqueIdentifier>{9c9fe639-86ed-43d4-9da7-327e8297ce4d}</UniqueIdentifier>
    </Filter>
  </ItemGroup>
  <ItemGroup>
    <ClInclude Include="Kachel.h">
      <Filter>Headerdateien</Filter>
    </ClInclude>
    <ClInclude Include="Butten.h">
      <Filter>Headerdateien</Filter>
    </ClInclude>
    <ClInclude Include="Game.h">
      <Filter>Headerdateien</Filter>
    </ClInclude>
    <ClInclude Include="Timer.h">
      <Filter>Headerdateien</Filter>
    </ClInclude>
    <ClInclude Include="Auswahl.h">
      <Filter>Headerdateien</Filter>
    </ClInclude>
    <ClInclude Include="pch.h">
      <Filter>Headerdateien</Filter>
    </ClInclude>
    <ClInclude Include="Data.h">
      <Filter>Headerdateien</Filter>
    </ClInclude>
    <ClInclude Include="Animationen.h">
      <Filter>Headerdateien</Filter>
    </ClInclude>
    <ClInclude Include="View.h">
      <Filter>Headerdateien</Filter>
    </ClInclude>
    <ClInclude Include="Batilion_Ausbildungszentrum.h">
      <Filter>Gebaeude</Filter>
    </ClInclude>
    <ClInclude Include="Erholungsresort.h">
      <Filter>Gebaeude</Filter>
    </ClInclude>
    <ClInclude Include="Gebaeude.h">
      <Filter>Gebaeude</Filter>
    </ClInclude>
    <ClInclude Include="Traningszentrum.h">
      <Filter>Gebaeude</Filter>
    </ClInclude>
    <ClInclude Include="Zentale.h">
      <Filter>Gebaeude</Filter>
    </ClInclude>
    <ClInclude Include="Scoutbuero.h">
      <Filter>Gebaeude</Filter>
    </ClInclude>
  </ItemGroup>
  <ItemGroup>
    <ClCompile Include="Kachel.cpp">
      <Filter>Quelldateien</Filter>
    </ClCompile>
    <ClCompile Include="Butten.cpp">
      <Filter>Quelldateien</Filter>
    </ClCompile>
    <ClCompile Include="Game.cpp">
      <Filter>Quelldateien</Filter>
    </ClCompile>
    <ClCompile Include="main.cpp">
      <Filter>Quelldateien</Filter>
    </ClCompile>
    <ClCompile Include="Timer.cpp">
      <Filter>Quelldateien</Filter>
    </ClCompile>
    <ClCompile Include="Auswahl.cpp">
      <Filter>Quelldateien</Filter>
    </ClCompile>
    <ClCompile Include="pch.cpp">
      <Filter>Quelldateien</Filter>
    </ClCompile>
    <ClCompile Include="Animationen.cpp">
      <Filter>Quelldateien</Filter>
    </ClCompile>
    <ClCompile Include="View.cpp">
      <Filter>Quelldateien</Filter>
    </ClCompile>
    <ClCompile Include="Batilion_Ausbildungszentrum.cpp">
      <Filter>Gebaeude</Filter>
    </ClCompile>
    <ClCompile Include="Erholungsresort.cpp">
      <Filter>Gebaeude</Filter>
    </ClCompile>
    <ClCompile Include="Gebaeude.cpp">
      <Filter>Gebaeude</Filter>
    </ClCompile>
    <ClCompile Include="Scoutbüro.cpp">
      <Filter>Gebaeude</Filter>
    </ClCompile>
    <ClCompile Include="Traningszentrum.cpp">
      <Filter>Gebaeude</Filter>
    </ClCompile>
    <ClCompile Include="Zentale.cpp">
      <Filter>Gebaeude</Filter>
    </ClCompile>
  </ItemGroup>
  <ItemGroup>
    <Image Include="Texturen\AktiveAuftrage2.png">
      <Filter>Ressourcendateien</Filter>
    </Image>
    <Image Include="Texturen\ArbeitBeschleunigen.png">
      <Filter>Ressourcendateien</Filter>
    </Image>
    <Image Include="Texturen\Auftrage.png">
      <Filter>Ressourcendateien</Filter>
    </Image>
    <Image Include="Texturen\BessereRang.png">
      <Filter>Ressourcendateien</Filter>
    </Image>
    <Image Include="Texturen\ErhohungGrundstarke.png">
      <Filter>Ressourcendateien</Filter>
    </Image>
    <Image Include="Texturen\Haken.png">
      <Filter>Ressourcendateien</Filter>
    </Image>
    <Image Include="Texturen\Logistik System.png">
      <Filter>Ressourcendateien</Filter>
    </Image>
    <Image Include="Texturen\Pfeil.png">
      <Filter>Ressourcendateien</Filter>
    </Image>
    <Image Include="Texturen\WarteAusbildung.png">
      <Filter>Ressourcendateien</Filter>
    </Image>
    <Image Include="Texturen\WarteScoutbüro.png">
      <Filter>Ressourcendateien</Filter>
    </Image>
    <Image Include="Texturen\WenigerKosten.png">
      <Filter>Ressourcendateien</Filter>
    </Image>
    <Image Include="..\..\..\..\Documents\GitHub\Soldmainia\Soldmainia\Texturen\Erholungsresort.png">
      <Filter>Ressourcendateien</Filter>
    </Image>
    <Image Include="..\..\..\..\Documents\GitHub\Soldmainia\Soldmainia\Texturen\Kaserne.png">
      <Filter>Ressourcendateien</Filter>
    </Image>
    <Image Include="..\..\..\..\Documents\GitHub\Soldmainia\Soldmainia\Texturen\Scoutbüro.png">
      <Filter>Ressourcendateien</Filter>
    </Image>
    <Image Include="..\..\..\..\Documents\GitHub\Soldmainia\Soldmainia\Texturen\Tranigszentrum.png">
      <Filter>Ressourcendateien</Filter>
    </Image>
    <Image Include="..\..\..\..\Documents\GitHub\Soldmainia\Soldmainia\Texturen\Zentrale.png">
      <Filter>Ressourcendateien</Filter>
    </Image>
  </ItemGroup>
</Project>